
Microsoft Visual Studio Solution File, Format Version 12.00
# Visual Studio Version 16
VisualStudioVersion = 25.0.1700.0
MinimumVisualStudioVersion = 10.0.40219.1
Project("{FAE04EC0-301F-11D3-BF4B-00C04F79EFBC}") = "KnjDoula", "KnjDoula\KnjDoula.csproj", "{B44132A3-15E7-441D-922A-FC9957A73F1E}"
EndProject
Global
	GlobalSection(SolutionConfigurationPlatforms) = preSolution
		Debug|Any CPU = Debug|Any CPU
		Release|Any CPU = Release|Any CPU
	EndGlobalSection
	GlobalSection(ProjectConfigurationPlatforms) = postSolution
		{B44132A3-15E7-441D-922A-FC9957A73F1E}.Debug|Any CPU.ActiveCfg = Debug|Any CPU
		{B44132A3-15E7-441D-922A-FC9957A73F1E}.Debug|Any CPU.Build.0 = Debug|Any CPU
		{B44132A3-15E7-441D-922A-FC9957A73F1E}.Release|Any CPU.ActiveCfg = Release|Any CPU
		{B44132A3-15E7-441D-922A-FC9957A73F1E}.Release|Any CPU.Build.0 = Release|Any CPU
	EndGlobalSection
	GlobalSection(SolutionProperties) = preSolution
		HideSolutionNode = FALSE
	EndGlobalSection
	GlobalSection(ExtensibilityGlobals) = postSolution
		SolutionGuid = {8DCC9F94-9A84-4123-A2FB-9D81DC0AD992}
	EndGlobalSection
EndGlobal
